
Microsoft Visual Studio Solution File, Format Version 12.00
# Visual Studio Version 16
VisualStudioVersion = 16.0.30503.244
MinimumVisualStudioVersion = 10.0.40219.1
Project("{FAE04EC0-301F-11D3-BF4B-00C04F79EFBC}") = "GameEngine2D", "GameEngine2D\GameEngine2D.csproj", "{64693A88-2877-4B28-A2F3-073F0807FF25}"
EndProject
Global
	GlobalSection(SolutionConfigurationPlatforms) = preSolution
		Debug|Any CPU = Debug|Any CPU
		Release|Any CPU = Release|Any CPU
	EndGlobalSection
	GlobalSection(ProjectConfigurationPlatforms) = postSolution
		{64693A88-2877-4B28-A2F3-073F0807FF25}.Debug|Any CPU.ActiveCfg = Debug|Any CPU
		{64693A88-2877-4B28-A2F3-073F0807FF25}.Debug|Any CPU.Build.0 = Debug|Any CPU
		{64693A88-2877-4B28-A2F3-073F0807FF25}.Release|Any CPU.ActiveCfg = Release|Any CPU
		{64693A88-2877-4B28-A2F3-073F0807FF25}.Release|Any CPU.Build.0 = Release|Any CPU
	EndGlobalSection
	GlobalSection(SolutionProperties) = preSolution
		HideSolutionNode = FALSE
	EndGlobalSection
	GlobalSection(ExtensibilityGlobals) = postSolution
		SolutionGuid = {329FD4F5-8B44-4D66-AA85-D36B80BFC782}
	EndGlobalSection
EndGlobal
